// !$*UTF8*$!
{
	archiveVersion = 1;
	classes = {
	};
	objectVersion = 50;
	objects = {

/* Begin PBXBuildFile section */
		720A589723A34A3F002BADA4 /* AppDelegate.swift in Sources */ = {isa = PBXBuildFile; fileRef = 720A589623A34A3F002BADA4 /* AppDelegate.swift */; };
		720A589923A34A3F002BADA4 /* SceneDelegate.swift in Sources */ = {isa = PBXBuildFile; fileRef = 720A589823A34A3F002BADA4 /* SceneDelegate.swift */; };
		720A589B23A34A3F002BADA4 /* MainViewController.swift in Sources */ = {isa = PBXBuildFile; fileRef = 720A589A23A34A3F002BADA4 /* MainViewController.swift */; };
		720A589E23A34A3F002BADA4 /* Main.storyboard in Resources */ = {isa = PBXBuildFile; fileRef = 720A589C23A34A3F002BADA4 /* Main.storyboard */; };
		720A58A023A34A41002BADA4 /* Assets.xcassets in Resources */ = {isa = PBXBuildFile; fileRef = 720A589F23A34A41002BADA4 /* Assets.xcassets */; };
		720A58A323A34A41002BADA4 /* LaunchScreen.storyboard in Resources */ = {isa = PBXBuildFile; fileRef = 720A58A123A34A41002BADA4 /* LaunchScreen.storyboard */; };
		720A58AB23A34AC3002BADA4 /* LogInViewController.swift in Sources */ = {isa = PBXBuildFile; fileRef = 720A58AA23A34AC3002BADA4 /* LogInViewController.swift */; };
		727654D323A36EEF00BE42F1 /* Data.swift in Sources */ = {isa = PBXBuildFile; fileRef = 727654D223A36EEF00BE42F1 /* Data.swift */; };
		727654D523A3778B00BE42F1 /* SignUpViewController.swift in Sources */ = {isa = PBXBuildFile; fileRef = 727654D423A3778B00BE42F1 /* SignUpViewController.swift */; };
		727654D723A37A8D00BE42F1 /* UIViewControllerExtension.swift in Sources */ = {isa = PBXBuildFile; fileRef = 727654D623A37A8D00BE42F1 /* UIViewControllerExtension.swift */; };
/* End PBXBuildFile section */

/* Begin PBXFileReference section */
		720A589323A34A3F002BADA4 /* LogInExample.app */ = {isa = PBXFileReference; explicitFileType = wrapper.application; includeInIndex = 0; path = LogInExample.app; sourceTree = BUILT_PRODUCTS_DIR; };
		720A589623A34A3F002BADA4 /* AppDelegate.swift */ = {isa = PBXFileReference; lastKnownFileType = sourcecode.swift; path = AppDelegate.swift; sourceTree = "<group>"; };
		720A589823A34A3F002BADA4 /* SceneDelegate.swift */ = {isa = PBXFileReference; lastKnownFileType = sourcecode.swift; path = SceneDelegate.swift; sourceTree = "<group>"; };
		720A589A23A34A3F002BADA4 /* MainViewController.swift */ = {isa = PBXFileReference; lastKnownFileType = sourcecode.swift; path = MainViewController.swift; sourceTree = "<group>"; };
		720A589D23A34A3F002BADA4 /* Base */ = {isa = PBXFileReference; lastKnownFileType = file.storyboard; name = Base; path = Base.lproj/Main.storyboard; sourceTree = "<group>"; };
		720A589F23A34A41002BADA4 /* Assets.xcassets */ = {isa = PBXFileReference; lastKnownFileType = folder.assetcatalog; path = Assets.xcassets; sourceTree = "<group>"; };
		720A58A223A34A41002BADA4 /* Base */ = {isa = PBXFileReference; lastKnownFileType = file.storyboard; name = Base; path = Base.lproj/LaunchScreen.storyboard; sourceTree = "<group>"; };
		720A58A423A34A41002BADA4 /* Info.plist */ = {isa = PBXFileReference; lastKnownFileType = text.plist.xml; path = Info.plist; sourceTree = "<group>"; };
		720A58AA23A34AC3002BADA4 /* LogInViewController.swift */ = {isa = PBXFileReference; lastKnownFileType = sourcecode.swift; path = LogInViewController.swift; sourceTree = "<group>"; };
		727654D223A36EEF00BE42F1 /* Data.swift */ = {isa = PBXFileReference; lastKnownFileType = sourcecode.swift; path = Data.swift; sourceTree = "<group>"; };
		727654D423A3778B00BE42F1 /* SignUpViewController.swift */ = {isa = PBXFileReference; lastKnownFileType = sourcecode.swift; path = SignUpViewController.swift; sourceTree = "<group>"; };
		727654D623A37A8D00BE42F1 /* UIViewControllerExtension.swift */ = {isa = PBXFileReference; lastKnownFileType = sourcecode.swift; path = UIViewControllerExtension.swift; sourceTree = "<group>"; };
/* End PBXFileReference section */

/* Begin PBXFrameworksBuildPhase section */
		720A589023A34A3F002BADA4 /* Frameworks */ = {
			isa = PBXFrameworksBuildPhase;
			buildActionMask = 2147483647;
			files = (
			);
			runOnlyForDeploymentPostprocessing = 0;
		};
/* End PBXFrameworksBuildPhase section */

/* Begin PBXGroup section */
		720A588A23A34A3F002BADA4 = {
			isa = PBXGroup;
			children = (
				720A589523A34A3F002BADA4 /* LogInExample */,
				720A589423A34A3F002BADA4 /* Products */,
			);
			sourceTree = "<group>";
		};
		720A589423A34A3F002BADA4 /* Products */ = {
			isa = PBXGroup;
			children = (
				720A589323A34A3F002BADA4 /* LogInExample.app */,
			);
			name = Products;
			sourceTree = "<group>";
		};
		720A589523A34A3F002BADA4 /* LogInExample */ = {
			isa = PBXGroup;
			children = (
				720A589623A34A3F002BADA4 /* AppDelegate.swift */,
				720A589823A34A3F002BADA4 /* SceneDelegate.swift */,
				722EE2BE23A631CF00677EEA /* ViewControllers */,
				727654D223A36EEF00BE42F1 /* Data.swift */,
				727654D623A37A8D00BE42F1 /* UIViewControllerExtension.swift */,
				720A589C23A34A3F002BADA4 /* Main.storyboard */,
				720A589F23A34A41002BADA4 /* Assets.xcassets */,
				720A58A123A34A41002BADA4 /* LaunchScreen.storyboard */,
				720A58A423A34A41002BADA4 /* Info.plist */,
			);
			path = LogInExample;
			sourceTree = "<group>";
		};
		722EE2BE23A631CF00677EEA /* ViewControllers */ = {
			isa = PBXGroup;
			children = (
				720A589A23A34A3F002BADA4 /* MainViewController.swift */,
				720A58AA23A34AC3002BADA4 /* LogInViewController.swift */,
				727654D423A3778B00BE42F1 /* SignUpViewController.swift */,
			);
			path = ViewControllers;
			sourceTree = "<group>";
		};
/* End PBXGroup section */

/* Begin PBXNativeTarget section */
		720A589223A34A3F002BADA4 /* LogInExample */ = {
			isa = PBXNativeTarget;
			buildConfigurationList = 720A58A723A34A41002BADA4 /* Build configuration list for PBXNativeTarget "LogInExample" */;
			buildPhases = (
				720A588F23A34A3F002BADA4 /* Sources */,
				720A589023A34A3F002BADA4 /* Frameworks */,
				720A589123A34A3F002BADA4 /* Resources */,
			);
			buildRules = (
			);
			dependencies = (
			);
			name = LogInExample;
			productName = LogInExample;
			productReference = 720A589323A34A3F002BADA4 /* LogInExample.app */;
			productType = "com.apple.product-type.application";
		};
/* End PBXNativeTarget section */

/* Begin PBXProject section */
		720A588B23A34A3F002BADA4 /* Project object */ = {
			isa = PBXProject;
			attributes = {
				LastSwiftUpdateCheck = 1130;
				LastUpgradeCheck = 1130;
				ORGANIZATIONNAME = Soohan;
				TargetAttributes = {
					720A589223A34A3F002BADA4 = {
						CreatedOnToolsVersion = 11.3;
					};
				};
			};
			buildConfigurationList = 720A588E23A34A3F002BADA4 /* Build configuration list for PBXProject "LogInExample" */;
			compatibilityVersion = "Xcode 9.3";
			developmentRegion = en;
			hasScannedForEncodings = 0;
			knownRegions = (
				en,
				Base,
			);
			mainGroup = 720A588A23A34A3F002BADA4;
			productRefGroup = 720A589423A34A3F002BADA4 /* Products */;
			projectDirPath = "";
			projectRoot = "";
			targets = (
				720A589223A34A3F002BADA4 /* LogInExample */,
			);
		};
/* End PBXProject section */

/* Begin PBXResourcesBuildPhase section */
		720A589123A34A3F002BADA4 /* Resources */ = {
			isa = PBXResourcesBuildPhase;
			buildActionMask = 2147483647;
			files = (
				720A58A323A34A41002BADA4 /* LaunchScreen.storyboard in Resources */,
				720A58A023A34A41002BADA4 /* Assets.xcassets in Resources */,
				720A589E23A34A3F002BADA4 /* Main.storyboard in Resources */,
			);
			runOnlyForDeploymentPostprocessing = 0;
		};
/* End PBXResourcesBuildPhase section */

/* Begin PBXSourcesBuildPhase section */
		720A588F23A34A3F002BADA4 /* Sources */ = {
			isa = PBXSourcesBuildPhase;
			buildActionMask = 2147483647;
			files = (
				727654D523A3778B00BE42F1 /* SignUpViewController.swift in Sources */,
				720A58AB23A34AC3002BADA4 /* LogInViewController.swift in Sources */,
				727654D323A36EEF00BE42F1 /* Data.swift in Sources */,
				720A589B23A34A3F002BADA4 /* MainViewController.swift in Sources */,
				720A589723A34A3F002BADA4 /* AppDelegate.swift in Sources */,
				727654D723A37A8D00BE42F1 /* UIViewControllerExtension.swift in Sources */,
				720A589923A34A3F002BADA4 /* SceneDelegate.swift in Sources */,
			);
			runOnlyForDeploymentPostprocessing = 0;
		};
/* End PBXSourcesBuildPhase section */

/* Begin PBXVariantGroup section */
		720A589C23A34A3F002BADA4 /* Main.storyboard */ = {
			isa = PBXVariantGroup;
			children = (
				720A589D23A34A3F002BADA4 /* Base */,
			);
			name = Main.storyboard;
			sourceTree = "<group>";
		};
		720A58A123A34A41002BADA4 /* LaunchScreen.storyboard */ = {
			isa = PBXVariantGroup;
			children = (
				720A58A223A34A41002BADA4 /* Base */,
			);
			name = LaunchScreen.storyboard;
			sourceTree = "<group>";
		};
/* End PBXVariantGroup section */

/* Begin XCBuildConfiguration section */
		720A58A523A34A41002BADA4 /* Debug */ = {
			isa = XCBuildConfiguration;
			buildSettings = {
				ALWAYS_SEARCH_USER_PATHS = NO;
				CLANG_ANALYZER_NONNULL = YES;
				CLANG_ANALYZER_NUMBER_OBJECT_CONVERSION = YES_AGGRESSIVE;
				CLANG_CXX_LANGUAGE_STANDARD = "gnu++14";
				CLANG_CXX_LIBRARY = "libc++";
				CLANG_ENABLE_MODULES = YES;
				CLANG_ENABLE_OBJC_ARC = YES;
				CLANG_ENABLE_OBJC_WEAK = YES;
				CLANG_WARN_BLOCK_CAPTURE_AUTORELEASING = YES;
				CLANG_WARN_BOOL_CONVERSION = YES;
				CLANG_WARN_COMMA = YES;
				CLANG_WARN_CONSTANT_CONVERSION = YES;
				CLANG_WARN_DEPRECATED_OBJC_IMPLEMENTATIONS = YES;
				CLANG_WARN_DIRECT_OBJC_ISA_USAGE = YES_ERROR;
				CLANG_WARN_DOCUMENTATION_COMMENTS = YES;
				CLANG_WARN_EMPTY_BODY = YES;
				CLANG_WARN_ENUM_CONVERSION = YES;
				CLANG_WARN_INFINITE_RECURSION = YES;
				CLANG_WARN_INT_CONVERSION = YES;
				CLANG_WARN_NON_LITERAL_NULL_CONVERSION = YES;
				CLANG_WARN_OBJC_IMPLICIT_RETAIN_SELF = YES;
				CLANG_WARN_OBJC_LITERAL_CONVERSION = YES;
				CLANG_WARN_OBJC_ROOT_CLASS = YES_ERROR;
				CLANG_WARN_RANGE_LOOP_ANALYSIS = YES;
				CLANG_WARN_STRICT_PROTOTYPES = YES;
				CLANG_WARN_SUSPICIOUS_MOVE = YES;
				CLANG_WARN_UNGUARDED_AVAILABILITY = YES_AGGRESSIVE;
				CLANG_WARN_UNREACHABLE_CODE = YES;
				CLANG_WARN__DUPLICATE_METHOD_MATCH = YES;
				COPY_PHASE_STRIP = NO;
				DEBUG_INFORMATION_FORMAT = dwarf;
				ENABLE_STRICT_OBJC_MSGSEND = YES;
				ENABLE_TESTABILITY = YES;
				GCC_C_LANGUAGE_STANDARD = gnu11;
				GCC_DYNAMIC_NO_PIC = NO;
				GCC_NO_COMMON_BLOCKS = YES;
				GCC_OPTIMIZATION_LEVEL = 0;
				GCC_PREPROCESSOR_DEFINITIONS = (
					"DEBUG=1",
					"$(inherited)",
				);
				GCC_WARN_64_TO_32_BIT_CONVERSION = YES;
				GCC_WARN_ABOUT_RETURN_TYPE = YES_ERROR;
				GCC_WARN_UNDECLARED_SELECTOR = YES;
				GCC_WARN_UNINITIALIZED_AUTOS = YES_AGGRESSIVE;
				GCC_WARN_UNUSED_FUNCTION = YES;
				GCC_WARN_UNUSED_VARIABLE = YES;
				IPHONEOS_DEPLOYMENT_TARGET = 13.2;
				MTL_ENABLE_DEBUG_INFO = INCLUDE_SOURCE;
				MTL_FAST_MATH = YES;
				ONLY_ACTIVE_ARCH = YES;
				SDKROOT = iphoneos;
				SWIFT_ACTIVE_COMPILATION_CONDITIONS = DEBUG;
				SWIFT_OPTIMIZATION_LEVEL = "-Onone";
			};
			name = Debug;
		};
		720A58A623A34A41002BADA4 /* Release */ = {
			isa = XCBuildConfiguration;
			buildSettings = {
				ALWAYS_SEARCH_USER_PATHS = NO;
				CLANG_ANALYZER_NONNULL = YES;
				CLANG_ANALYZER_NUMBER_OBJECT_CONVERSION = YES_AGGRESSIVE;
				CLANG_CXX_LANGUAGE_STANDARD = "gnu++14";
				CLANG_CXX_LIBRARY = "libc++";
				CLANG_ENABLE_MODULES = YES;
				CLANG_ENABLE_OBJC_ARC = YES;
				CLANG_ENABLE_OBJC_WEAK = YES;
				CLANG_WARN_BLOCK_CAPTURE_AUTORELEASING = YES;
				CLANG_WARN_BOOL_CONVERSION = YES;
				CLANG_WARN_COMMA = YES;
				CLANG_WARN_CONSTANT_CONVERSION = YES;
				CLANG_WARN_DEPRECATED_OBJC_IMPLEMENTATIONS = YES;
				CLANG_WARN_DIRECT_OBJC_ISA_USAGE = YES_ERROR;
				CLANG_WARN_DOCUMENTATION_COMMENTS = YES;
				CLANG_WARN_EMPTY_BODY = YES;
				CLANG_WARN_ENUM_CONVERSION = YES;
				CLANG_WARN_INFINITE_RECURSION = YES;
				CLANG_WARN_INT_CONVERSION = YES;
				CLANG_WARN_NON_LITERAL_NULL_CONVERSION = YES;
				CLANG_WARN_OBJC_IMPLICIT_RETAIN_SELF = YES;
				CLANG_WARN_OBJC_LITERAL_CONVERSION = YES;
				CLANG_WARN_OBJC_ROOT_CLASS = YES_ERROR;
				CLANG_WARN_RANGE_LOOP_ANALYSIS = YES;
				CLANG_WARN_STRICT_PROTOTYPES = YES;
				CLANG_WARN_SUSPICIOUS_MOVE = YES;
				CLANG_WARN_UNGUARDED_AVAILABILITY = YES_AGGRESSIVE;
				CLANG_WARN_UNREACHABLE_CODE = YES;
				CLANG_WARN__DUPLICATE_METHOD_MATCH = YES;
				COPY_PHASE_STRIP = NO;
				DEBUG_INFORMATION_FORMAT = "dwarf-with-dsym";
				ENABLE_NS_ASSERTIONS = NO;
				ENABLE_STRICT_OBJC_MSGSEND = YES;
				GCC_C_LANGUAGE_STANDARD = gnu11;
				GCC_NO_COMMON_BLOCKS = YES;
				GCC_WARN_64_TO_32_BIT_CONVERSION = YES;
				GCC_WARN_ABOUT_RETURN_TYPE = YES_ERROR;
				GCC_WARN_UNDECLARED_SELECTOR = YES;
				GCC_WARN_UNINITIALIZED_AUTOS = YES_AGGRESSIVE;
				GCC_WARN_UNUSED_FUNCTION = YES;
				GCC_WARN_UNUSED_VARIABLE = YES;
				IPHONEOS_DEPLOYMENT_TARGET = 13.2;
				MTL_ENABLE_DEBUG_INFO = NO;
				MTL_FAST_MATH = YES;
				SDKROOT = iphoneos;
				SWIFT_COMPILATION_MODE = wholemodule;
				SWIFT_OPTIMIZATION_LEVEL = "-O";
				VALIDATE_PRODUCT = YES;
			};
			name = Release;
		};
		720A58A823A34A41002BADA4 /* Debug */ = {
			isa = XCBuildConfiguration;
			buildSettings = {
				ASSETCATALOG_COMPILER_APPICON_NAME = AppIcon;
				CODE_SIGN_STYLE = Automatic;
				DEVELOPMENT_TEAM = R46XFWWPMA;
				INFOPLIST_FILE = LogInExample/Info.plist;
				LD_RUNPATH_SEARCH_PATHS = (
					"$(inherited)",
					"@executable_path/Frameworks",
				);
				PRODUCT_BUNDLE_IDENTIFIER = com.soohan.LogInExample;
				PRODUCT_NAME = "$(TARGET_NAME)";
				SWIFT_VERSION = 5.0;
				TARGETED_DEVICE_FAMILY = "1,2";
			};
			name = Debug;
		};
		720A58A923A34A41002BADA4 /* Release */ = {
			isa = XCBuildConfiguration;
			buildSettings = {
				ASSETCATALOG_COMPILER_APPICON_NAME = AppIcon;
				CODE_SIGN_STYLE = Automatic;
				DEVELOPMENT_TEAM = R46XFWWPMA;
				INFOPLIST_FILE = LogInExample/Info.plist;
				LD_RUNPATH_SEARCH_PATHS = (
					"$(inherited)",
					"@executable_path/Frameworks",
				);
				PRODUCT_BUNDLE_IDENTIFIER = com.soohan.LogInExample;
				PRODUCT_NAME = "$(TARGET_NAME)";
				SWIFT_VERSION = 5.0;
				TARGETED_DEVICE_FAMILY = "1,2";
			};
			name = Release;
		};
/* End XCBuildConfiguration section */

/* Begin XCConfigurationList section */
		720A588E23A34A3F002BADA4 /* Build configuration list for PBXProject "LogInExample" */ = {
			isa = XCConfigurationList;
			buildConfigurations = (
				720A58A523A34A41002BADA4 /* Debug */,
				720A58A623A34A41002BADA4 /* Release */,
			);
			defaultConfigurationIsVisible = 0;
			defaultConfigurationName = Release;
		};
		720A58A723A34A41002BADA4 /* Build configuration list for PBXNativeTarget "LogInExample" */ = {
			isa = XCConfigurationList;
			buildConfigurations = (
				720A58A823A34A41002BADA4 /* Debug */,
				720A58A923A34A41002BADA4 /* Release */,
			);
			defaultConfigurationIsVisible = 0;
			defaultConfigurationName = Release;
		};
/* End XCConfigurationList section */
	};
	rootObject = 720A588B23A34A3F002BADA4 /* Project object */;
}
